// !$*UTF8*$!
{
	archiveVersion = 1;
	classes = {
	};
	objectVersion = 46;
	objects = {

/* Begin PBXBuildFile section */
		17825D781B1C4E2800C9781A /* main.m in Sources */ = {isa = PBXBuildFile; fileRef = 17825D771B1C4E2800C9781A /* main.m */; };
		17825D7B1B1C4E2800C9781A /* AppDelegate.m in Sources */ = {isa = PBXBuildFile; fileRef = 17825D7A1B1C4E2800C9781A /* AppDelegate.m */; };
		17825D7E1B1C4E2800C9781A /* ViewController.m in Sources */ = {isa = PBXBuildFile; fileRef = 17825D7D1B1C4E2800C9781A /* ViewController.m */; };
		17825D811B1C4E2800C9781A /* Main.storyboard in Resources */ = {isa = PBXBuildFile; fileRef = 17825D7F1B1C4E2800C9781A /* Main.storyboard */; };
		17825D831B1C4E2800C9781A /* Images.xcassets in Resources */ = {isa = PBXBuildFile; fileRef = 17825D821B1C4E2800C9781A /* Images.xcassets */; };
		17825D861B1C4E2800C9781A /* LaunchScreen.xib in Resources */ = {isa = PBXBuildFile; fileRef = 17825D841B1C4E2800C9781A /* LaunchScreen.xib */; };
		17825D921B1C4E2800C9781A /* AppDemoShowTests.m in Sources */ = {isa = PBXBuildFile; fileRef = 17825D911B1C4E2800C9781A /* AppDemoShowTests.m */; };
/* End PBXBuildFile section */

/* Begin PBXContainerItemProxy section */
		17825D8C1B1C4E2800C9781A /* PBXContainerItemProxy */ = {
			isa = PBXContainerItemProxy;
			containerPortal = 17825D6A1B1C4E2800C9781A /* Project object */;
			proxyType = 1;
			remoteGlobalIDString = 17825D711B1C4E2800C9781A;
			remoteInfo = AppDemoShow;
		};
/* End PBXContainerItemProxy section */

/* Begin PBXFileReference section */
		17825D721B1C4E2800C9781A /* AppDemoShow.app */ = {isa = PBXFileReference; explicitFileType = wrapper.application; includeInIndex = 0; path = AppDemoShow.app; sourceTree = BUILT_PRODUCTS_DIR; };
		17825D761B1C4E2800C9781A /* Info.plist */ = {isa = PBXFileReference; lastKnownFileType = text.plist.xml; path = Info.plist; sourceTree = "<group>"; };
		17825D771B1C4E2800C9781A /* main.m */ = {isa = PBXFileReference; lastKnownFileType = sourcecode.c.objc; path = main.m; sourceTree = "<group>"; };
		17825D791B1C4E2800C9781A /* AppDelegate.h */ = {isa = PBXFileReference; lastKnownFileType = sourcecode.c.h; path = AppDelegate.h; sourceTree = "<group>"; };
		17825D7A1B1C4E2800C9781A /* AppDelegate.m */ = {isa = PBXFileReference; lastKnownFileType = sourcecode.c.objc; path = AppDelegate.m; sourceTree = "<group>"; };
		17825D7C1B1C4E2800C9781A /* ViewController.h */ = {isa = PBXFileReference; lastKnownFileType = sourcecode.c.h; path = ViewController.h; sourceTree = "<group>"; };
		17825D7D1B1C4E2800C9781A /* ViewController.m */ = {isa = PBXFileReference; lastKnownFileType = sourcecode.c.objc; path = ViewController.m; sourceTree = "<group>"; };
		17825D801B1C4E2800C9781A /* Base */ = {isa = PBXFileReference; lastKnownFileType = file.storyboard; name = Base; path = Base.lproj/Main.storyboard; sourceTree = "<group>"; };
		17825D821B1C4E2800C9781A /* Images.xcassets */ = {isa = PBXFileReference; lastKnownFileType = folder.assetcatalog; path = Images.xcassets; sourceTree = "<group>"; };
		17825D851B1C4E2800C9781A /* Base */ = {isa = PBXFileReference; lastKnownFileType = file.xib; name = Base; path = Base.lproj/LaunchScreen.xib; sourceTree = "<group>"; };
		17825D8B1B1C4E2800C9781A /* AppDemoShowTests.xctest */ = {isa = PBXFileReference; explicitFileType = wrapper.cfbundle; includeInIndex = 0; path = AppDemoShowTests.xctest; sourceTree = BUILT_PRODUCTS_DIR; };
		17825D901B1C4E2800C9781A /* Info.plist */ = {isa = PBXFileReference; lastKnownFileType = text.plist.xml; path = Info.plist; sourceTree = "<group>"; };
		17825D911B1C4E2800C9781A /* AppDemoShowTests.m */ = {isa = PBXFileReference; lastKnownFileType = sourcecode.c.objc; path = AppDemoShowTests.m; sourceTree = "<group>"; };
/* End PBXFileReference section */

/* Begin PBXFrameworksBuildPhase section */
		17825D6F1B1C4E2800C9781A /* Frameworks */ = {
			isa = PBXFrameworksBuildPhase;
			buildActionMask = 2147483647;
			files = (
			);
			runOnlyForDeploymentPostprocessing = 0;
		};
		17825D881B1C4E2800C9781A /* Frameworks */ = {
			isa = PBXFrameworksBuildPhase;
			buildActionMask = 2147483647;
			files = (
			);
			runOnlyForDeploymentPostprocessing = 0;
		};
/* End PBXFrameworksBuildPhase section */

/* Begin PBXGroup section */
		17825D691B1C4E2800C9781A = {
			isa = PBXGroup;
			children = (
				17825D741B1C4E2800C9781A /* AppDemoShow */,
				17825D8E1B1C4E2800C9781A /* AppDemoShowTests */,
				17825D731B1C4E2800C9781A /* Products */,
			);
			sourceTree = "<group>";
		};
		17825D731B1C4E2800C9781A /* Products */ = {
			isa = PBXGroup;
			children = (
				17825D721B1C4E2800C9781A /* AppDemoShow.app */,
				17825D8B1B1C4E2800C9781A /* AppDemoShowTests.xctest */,
			);
			name = Products;
			sourceTree = "<group>";
		};
		17825D741B1C4E2800C9781A /* AppDemoShow */ = {
			isa = PBXGroup;
			children = (
				17825D791B1C4E2800C9781A /* AppDelegate.h */,
				17825D7A1B1C4E2800C9781A /* AppDelegate.m */,
				17825D7C1B1C4E2800C9781A /* ViewController.h */,
				17825D7D1B1C4E2800C9781A /* ViewController.m */,
				17825D7F1B1C4E2800C9781A /* Main.storyboard */,
				17825D821B1C4E2800C9781A /* Images.xcassets */,
				17825D841B1C4E2800C9781A /* LaunchScreen.xib */,
				17825D751B1C4E2800C9781A /* Supporting Files */,
			);
			path = AppDemoShow;
			sourceTree = "<group>";
		};
		17825D751B1C4E2800C9781A /* Supporting Files */ = {
			isa = PBXGroup;
			children = (
				17825D761B1C4E2800C9781A /* Info.plist */,
				17825D771B1C4E2800C9781A /* main.m */,
			);
			name = "Supporting Files";
			sourceTree = "<group>";
		};
		17825D8E1B1C4E2800C9781A /* AppDemoShowTests */ = {
			isa = PBXGroup;
			children = (
				17825D911B1C4E2800C9781A /* AppDemoShowTests.m */,
				17825D8F1B1C4E2800C9781A /* Supporting Files */,
			);
			path = AppDemoShowTests;
			sourceTree = "<group>";
		};
		17825D8F1B1C4E2800C9781A /* Supporting Files */ = {
			isa = PBXGroup;
			children = (
				17825D901B1C4E2800C9781A /* Info.plist */,
			);
			name = "Supporting Files";
			sourceTree = "<group>";
		};
/* End PBXGroup section */

/* Begin PBXNativeTarget section */
		17825D711B1C4E2800C9781A /* AppDemoShow */ = {
			isa = PBXNativeTarget;
			buildConfigurationList = 17825D951B1C4E2800C9781A /* Build configuration list for PBXNativeTarget "AppDemoShow" */;
			buildPhases = (
				17825D6E1B1C4E2800C9781A /* Sources */,
				17825D6F1B1C4E2800C9781A /* Frameworks */,
				17825D701B1C4E2800C9781A /* Resources */,
			);
			buildRules = (
			);
			dependencies = (
			);
			name = AppDemoShow;
			productName = AppDemoShow;
			productReference = 17825D721B1C4E2800C9781A /* AppDemoShow.app */;
			productType = "com.apple.product-type.application";
		};
		17825D8A1B1C4E2800C9781A /* AppDemoShowTests */ = {
			isa = PBXNativeTarget;
			buildConfigurationList = 17825D981B1C4E2800C9781A /* Build configuration list for PBXNativeTarget "AppDemoShowTests" */;
			buildPhases = (
				17825D871B1C4E2800C9781A /* Sources */,
				17825D881B1C4E2800C9781A /* Frameworks */,
				17825D891B1C4E2800C9781A /* Resources */,
			);
			buildRules = (
			);
			dependencies = (
				17825D8D1B1C4E2800C9781A /* PBXTargetDependency */,
			);
			name = AppDemoShowTests;
			productName = AppDemoShowTests;
			productReference = 17825D8B1B1C4E2800C9781A /* AppDemoShowTests.xctest */;
			productType = "com.apple.product-type.bundle.unit-test";
		};
/* End PBXNativeTarget section */

/* Begin PBXProject section */
		17825D6A1B1C4E2800C9781A /* Project object */ = {
			isa = PBXProject;
			attributes = {
				LastUpgradeCheck = 0630;
				ORGANIZATIONNAME = linxiaobin;
				TargetAttributes = {
					17825D711B1C4E2800C9781A = {
						CreatedOnToolsVersion = 6.3.2;
					};
					17825D8A1B1C4E2800C9781A = {
						CreatedOnToolsVersion = 6.3.2;
						TestTargetID = 17825D711B1C4E2800C9781A;
					};
				};
			};
			buildConfigurationList = 17825D6D1B1C4E2800C9781A /* Build configuration list for PBXProject "AppDemoShow" */;
			compatibilityVersion = "Xcode 3.2";
			developmentRegion = English;
			hasScannedForEncodings = 0;
			knownRegions = (
				en,
				Base,
			);
			mainGroup = 17825D691B1C4E2800C9781A;
			productRefGroup = 17825D731B1C4E2800C9781A /* Products */;
			projectDirPath = "";
			projectRoot = "";
			targets = (
				17825D711B1C4E2800C9781A /* AppDemoShow */,
				17825D8A1B1C4E2800C9781A /* AppDemoShowTests */,
			);
		};
/* End PBXProject section */

/* Begin PBXResourcesBuildPhase section */
		17825D701B1C4E2800C9781A /* Resources */ = {
			isa = PBXResourcesBuildPhase;
			buildActionMask = 2147483647;
			files = (
				17825D811B1C4E2800C9781A /* Main.storyboard in Resources */,
				17825D861B1C4E2800C9781A /* LaunchScreen.xib in Resources */,
				17825D831B1C4E2800C9781A /* Images.xcassets in Resources */,
			);
			runOnlyForDeploymentPostprocessing = 0;
		};
		17825D891B1C4E2800C9781A /* Resources */ = {
			isa = PBXResourcesBuildPhase;
			buildActionMask = 2147483647;
			files = (
			);
			runOnlyForDeploymentPostprocessing = 0;
		};
/* End PBXResourcesBuildPhase section */

/* Begin PBXSourcesBuildPhase section */
		17825D6E1B1C4E2800C9781A /* Sources */ = {
			isa = PBXSourcesBuildPhase;
			buildActionMask = 2147483647;
			files = (
				17825D7E1B1C4E2800C9781A /* ViewController.m in Sources */,
				17825D7B1B1C4E2800C9781A /* AppDelegate.m in Sources */,
				17825D781B1C4E2800C9781A /* main.m in Sources */,
			);
			runOnlyForDeploymentPostprocessing = 0;
		};
		17825D871B1C4E2800C9781A /* Sources */ = {
			isa = PBXSourcesBuildPhase;
			buildActionMask = 2147483647;
			files = (
				17825D921B1C4E2800C9781A /* AppDemoShowTests.m in Sources */,
			);
			runOnlyForDeploymentPostprocessing = 0;
		};
/* End PBXSourcesBuildPhase section */

/* Begin PBXTargetDependency section */
		17825D8D1B1C4E2800C9781A /* PBXTargetDependency */ = {
			isa = PBXTargetDependency;
			target = 17825D711B1C4E2800C9781A /* AppDemoShow */;
			targetProxy = 17825D8C1B1C4E2800C9781A /* PBXContainerItemProxy */;
		};
/* End PBXTargetDependency section */

/* Begin PBXVariantGroup section */
		17825D7F1B1C4E2800C9781A /* Main.storyboard */ = {
			isa = PBXVariantGroup;
			children = (
				17825D801B1C4E2800C9781A /* Base */,
			);
			name = Main.storyboard;
			sourceTree = "<group>";
		};
		17825D841B1C4E2800C9781A /* LaunchScreen.xib */ = {
			isa = PBXVariantGroup;
			children = (
				17825D851B1C4E2800C9781A /* Base */,
			);
			name = LaunchScreen.xib;
			sourceTree = "<group>";
		};
/* End PBXVariantGroup section */

/* Begin XCBuildConfiguration section */
		17825D931B1C4E2800C9781A /* Debug */ = {
			isa = XCBuildConfiguration;
			buildSettings = {
				ALWAYS_SEARCH_USER_PATHS = NO;
				CLANG_CXX_LANGUAGE_STANDARD = "gnu++0x";
				CLANG_CXX_LIBRARY = "libc++";
				CLANG_ENABLE_MODULES = YES;
				CLANG_ENABLE_OBJC_ARC = YES;
				CLANG_WARN_BOOL_CONVERSION = YES;
				CLANG_WARN_CONSTANT_CONVERSION = YES;
				CLANG_WARN_DIRECT_OBJC_ISA_USAGE = YES_ERROR;
				CLANG_WARN_EMPTY_BODY = YES;
				CLANG_WARN_ENUM_CONVERSION = YES;
				CLANG_WARN_INT_CONVERSION = YES;
				CLANG_WARN_OBJC_ROOT_CLASS = YES_ERROR;
				CLANG_WARN_UNREACHABLE_CODE = YES;
				CLANG_WARN__DUPLICATE_METHOD_MATCH = YES;
				"CODE_SIGN_IDENTITY[sdk=iphoneos*]" = "iPhone Developer";
				COPY_PHASE_STRIP = NO;
				DEBUG_INFORMATION_FORMAT = "dwarf-with-dsym";
				ENABLE_STRICT_OBJC_MSGSEND = YES;
				GCC_C_LANGUAGE_STANDARD = gnu99;
				GCC_DYNAMIC_NO_PIC = NO;
				GCC_NO_COMMON_BLOCKS = YES;
				GCC_OPTIMIZATION_LEVEL = 0;
				GCC_PREPROCESSOR_DEFINITIONS = (
					"DEBUG=1",
					"$(inherited)",
				);
				GCC_SYMBOLS_PRIVATE_EXTERN = NO;
				GCC_WARN_64_TO_32_BIT_CONVERSION = YES;
				GCC_WARN_ABOUT_RETURN_TYPE = YES_ERROR;
				GCC_WARN_UNDECLARED_SELECTOR = YES;
				GCC_WARN_UNINITIALIZED_AUTOS = YES_AGGRESSIVE;
				GCC_WARN_UNUSED_FUNCTION = YES;
				GCC_WARN_UNUSED_VARIABLE = YES;
				IPHONEOS_DEPLOYMENT_TARGET = 8.3;
				MTL_ENABLE_DEBUG_INFO = YES;
				ONLY_ACTIVE_ARCH = YES;
				SDKROOT = iphoneos;
			};
			name = Debug;
		};
		17825D941B1C4E2800C9781A /* Release */ = {
			isa = XCBuildConfiguration;
			buildSettings = {
				ALWAYS_SEARCH_USER_PATHS = NO;
				CLANG_CXX_LANGUAGE_STANDARD = "gnu++0x";
				CLANG_CXX_LIBRARY = "libc++";
				CLANG_ENABLE_MODULES = YES;
				CLANG_ENABLE_OBJC_ARC = YES;
				CLANG_WARN_BOOL_CONVERSION = YES;
				CLANG_WARN_CONSTANT_CONVERSION = YES;
				CLANG_WARN_DIRECT_OBJC_ISA_USAGE = YES_ERROR;
				CLANG_WARN_EMPTY_BODY = YES;
				CLANG_WARN_ENUM_CONVERSION = YES;
				CLANG_WARN_INT_CONVERSION = YES;
				CLANG_WARN_OBJC_ROOT_CLASS = YES_ERROR;
				CLANG_WARN_UNREACHABLE_CODE = YES;
				CLANG_WARN__DUPLICATE_METHOD_MATCH = YES;
				"CODE_SIGN_IDENTITY[sdk=iphoneos*]" = "iPhone Developer";
				COPY_PHASE_STRIP = NO;
				DEBUG_INFORMATION_FORMAT = "dwarf-with-dsym";
				ENABLE_NS_ASSERTIONS = NO;
				ENABLE_STRICT_OBJC_MSGSEND = YES;
				GCC_C_LANGUAGE_STANDARD = gnu99;
				GCC_NO_COMMON_BLOCKS = YES;
				GCC_WARN_64_TO_32_BIT_CONVERSION = YES;
				GCC_WARN_ABOUT_RETURN_TYPE = YES_ERROR;
				GCC_WARN_UNDECLARED_SELECTOR = YES;
				GCC_WARN_UNINITIALIZED_AUTOS = YES_AGGRESSIVE;
				GCC_WARN_UNUSED_FUNCTION = YES;
				GCC_WARN_UNUSED_VARIABLE = YES;
				IPHONEOS_DEPLOYMENT_TARGET = 8.3;
				MTL_ENABLE_DEBUG_INFO = NO;
				SDKROOT = iphoneos;
				VALIDATE_PRODUCT = YES;
			};
			name = Release;
		};
		17825D961B1C4E2800C9781A /* Debug */ = {
			isa = XCBuildConfiguration;
			buildSettings = {
				ASSETCATALOG_COMPILER_APPICON_NAME = AppIcon;
				INFOPLIST_FILE = AppDemoShow/Info.plist;
				LD_RUNPATH_SEARCH_PATHS = "$(inherited) @executable_path/Frameworks";
				PRODUCT_NAME = "$(TARGET_NAME)";
			};
			name = Debug;
		};
		17825D971B1C4E2800C9781A /* Release */ = {
			isa = XCBuildConfiguration;
			buildSettings = {
				ASSETCATALOG_COMPILER_APPICON_NAME = AppIcon;
				INFOPLIST_FILE = AppDemoShow/Info.plist;
				LD_RUNPATH_SEARCH_PATHS = "$(inherited) @executable_path/Frameworks";
				PRODUCT_NAME = "$(TARGET_NAME)";
			};
			name = Release;
		};
		17825D991B1C4E2800C9781A /* Debug */ = {
			isa = XCBuildConfiguration;
			buildSettings = {
				BUNDLE_LOADER = "$(TEST_HOST)";
				FRAMEWORK_SEARCH_PATHS = (
					"$(SDKROOT)/Developer/Library/Frameworks",
					"$(inherited)",
				);
				GCC_PREPROCESSOR_DEFINITIONS = (
					"DEBUG=1",
					"$(inherited)",
				);
				INFOPLIST_FILE = AppDemoShowTests/Info.plist;
				LD_RUNPATH_SEARCH_PATHS = "$(inherited) @executable_path/Frameworks @loader_path/Frameworks";
				PRODUCT_NAME = "$(TARGET_NAME)";
				TEST_HOST = "$(BUILT_PRODUCTS_DIR)/AppDemoShow.app/AppDemoShow";
			};
			name = Debug;
		};
		17825D9A1B1C4E2800C9781A /* Release */ = {
			isa = XCBuildConfiguration;
			buildSettings = {
				BUNDLE_LOADER = "$(TEST_HOST)";
				FRAMEWORK_SEARCH_PATHS = (
					"$(SDKROOT)/Developer/Library/Frameworks",
					"$(inherited)",
				);
				INFOPLIST_FILE = AppDemoShowTests/Info.plist;
				LD_RUNPATH_SEARCH_PATHS = "$(inherited) @executable_path/Frameworks @loader_path/Frameworks";
				PRODUCT_NAME = "$(TARGET_NAME)";
				TEST_HOST = "$(BUILT_PRODUCTS_DIR)/AppDemoShow.app/AppDemoShow";
			};
			name = Release;
		};
/* End XCBuildConfiguration section */

/* Begin XCConfigurationList section */
		17825D6D1B1C4E2800C9781A /* Build configuration list for PBXProject "AppDemoShow" */ = {
			isa = XCConfigurationList;
			buildConfigurations = (
				17825D931B1C4E2800C9781A /* Debug */,
				17825D941B1C4E2800C9781A /* Release */,
			);
			defaultConfigurationIsVisible = 0;
			defaultConfigurationName = Release;
		};
		17825D951B1C4E2800C9781A /* Build configuration list for PBXNativeTarget "AppDemoShow" */ = {
			isa = XCConfigurationList;
			buildConfigurations = (
				17825D961B1C4E2800C9781A /* Debug */,
				17825D971B1C4E2800C9781A /* Release */,
			);
			defaultConfigurationIsVisible = 0;
		};
		17825D981B1C4E2800C9781A /* Build configuration list for PBXNativeTarget "AppDemoShowTests" */ = {
			isa = XCConfigurationList;
			buildConfigurations = (
				17825D991B1C4E2800C9781A /* Debug */,
				17825D9A1B1C4E2800C9781A /* Release */,
			);
			defaultConfigurationIsVisible = 0;
		};
/* End XCConfigurationList section */
	};
	rootObject = 17825D6A1B1C4E2800C9781A /* Project object */;
}
